
Microsoft Visual Studio Solution File, Format Version 11.00
# Visual C++ Express 2010
Project("{8BC9CEB8-8B4A-11D0-8D11-00A0C91BC942}") = "studyEight", "studyEight\studyEight.vcxproj", "{2EE6DD99-C62F-42B4-B1BD-54E694429354}"
EndProject
Global
	GlobalSection(SolutionConfigurationPlatforms) = preSolution
		Debug|Win32 = Debug|Win32
		Release|Win32 = Release|Win32
	EndGlobalSection
	GlobalSection(ProjectConfigurationPlatforms) = postSolution
		{2EE6DD99-C62F-42B4-B1BD-54E694429354}.Debug|Win32.ActiveCfg = Debug|Win32
		{2EE6DD99-C62F-42B4-B1BD-54E694429354}.Debug|Win32.Build.0 = Debug|Win32
		{2EE6DD99-C62F-42B4-B1BD-54E694429354}.Release|Win32.ActiveCfg = Release|Win32
		{2EE6DD99-C62F-42B4-B1BD-54E694429354}.Release|Win32.Build.0 = Release|Win32
	EndGlobalSection
	GlobalSection(SolutionProperties) = preSolution
		HideSolutionNode = FALSE
	EndGlobalSection
EndGlobal
